
Microsoft Visual Studio Solution File, Format Version 12.00
# Visual Studio Version 16
VisualStudioVersion = 16.0.31005.135
MinimumVisualStudioVersion = 10.0.40219.1
Project("{FAE04EC0-301F-11D3-BF4B-00C04F79EFBC}") = "Lab2-B1", "Lab2-B1\Lab2-B1.csproj", "{ADC14D64-082A-4788-BF27-5A1760BB2680}"
EndProject
Global
	GlobalSection(SolutionConfigurationPlatforms) = preSolution
		Debug|Any CPU = Debug|Any CPU
		Release|Any CPU = Release|Any CPU
	EndGlobalSection
	GlobalSection(ProjectConfigurationPlatforms) = postSolution
		{ADC14D64-082A-4788-BF27-5A1760BB2680}.Debug|Any CPU.ActiveCfg = Debug|Any CPU
		{ADC14D64-082A-4788-BF27-5A1760BB2680}.Debug|Any CPU.Build.0 = Debug|Any CPU
		{ADC14D64-082A-4788-BF27-5A1760BB2680}.Release|Any CPU.ActiveCfg = Release|Any CPU
		{ADC14D64-082A-4788-BF27-5A1760BB2680}.Release|Any CPU.Build.0 = Release|Any CPU
	EndGlobalSection
	GlobalSection(SolutionProperties) = preSolution
		HideSolutionNode = FALSE
	EndGlobalSection
	GlobalSection(ExtensibilityGlobals) = postSolution
		SolutionGuid = {D6E181C1-54F1-4C57-83E1-616F85192BF0}
	EndGlobalSection
EndGlobal
